
Microsoft Visual Studio Solution File, Format Version 12.00
# Visual Studio Version 17
VisualStudioVersion = 17.5.33516.290
MinimumVisualStudioVersion = 10.0.40219.1
Project("{FAE04EC0-301F-11D3-BF4B-00C04F79EFBC}") = "GlobalizationandLocalization", "GlobalizationandLocalization\GlobalizationandLocalization.csproj", "{BFE6C4B7-4045-414F-8147-758128AA0276}"
EndProject
Global
	GlobalSection(SolutionConfigurationPlatforms) = preSolution
		Debug|Any CPU = Debug|Any CPU
		Release|Any CPU = Release|Any CPU
	EndGlobalSection
	GlobalSection(ProjectConfigurationPlatforms) = postSolution
		{BFE6C4B7-4045-414F-8147-758128AA0276}.Debug|Any CPU.ActiveCfg = Debug|Any CPU
		{BFE6C4B7-4045-414F-8147-758128AA0276}.Debug|Any CPU.Build.0 = Debug|Any CPU
		{BFE6C4B7-4045-414F-8147-758128AA0276}.Release|Any CPU.ActiveCfg = Release|Any CPU
		{BFE6C4B7-4045-414F-8147-758128AA0276}.Release|Any CPU.Build.0 = Release|Any CPU
	EndGlobalSection
	GlobalSection(SolutionProperties) = preSolution
		HideSolutionNode = FALSE
	EndGlobalSection
	GlobalSection(ExtensibilityGlobals) = postSolution
		SolutionGuid = {81AE9342-6852-48A9-9D01-CC7E20EFF40D}
	EndGlobalSection
EndGlobal
